
Microsoft Visual Studio Solution File, Format Version 12.00
# Visual Studio Version 17
VisualStudioVersion = 17.1.32421.90
MinimumVisualStudioVersion = 10.0.40219.1
Project("{FAE04EC0-301F-11D3-BF4B-00C04F79EFBC}") = "IPM Job Manager", "IPM Job Manager\IPM Job Manager.csproj", "{96D14C4E-2470-4CB8-8115-D005656ACFB6}"
EndProject
Project("{54435603-DBB4-11D2-8724-00A0C9A8B90C}") = "IPM Job Manager Wizard", "IPM Installer\IPM Installer.vdproj", "{2BF4AA45-B9E8-4808-839C-04B230CE16A9}"
EndProject
Global
	GlobalSection(SolutionConfigurationPlatforms) = preSolution
		Debug|Any CPU = Debug|Any CPU
		Release|Any CPU = Release|Any CPU
	EndGlobalSection
	GlobalSection(ProjectConfigurationPlatforms) = postSolution
		{96D14C4E-2470-4CB8-8115-D005656ACFB6}.Debug|Any CPU.ActiveCfg = Release|Any CPU
		{96D14C4E-2470-4CB8-8115-D005656ACFB6}.Debug|Any CPU.Build.0 = Release|Any CPU
		{96D14C4E-2470-4CB8-8115-D005656ACFB6}.Release|Any CPU.ActiveCfg = Release|Any CPU
		{96D14C4E-2470-4CB8-8115-D005656ACFB6}.Release|Any CPU.Build.0 = Release|Any CPU
		{2BF4AA45-B9E8-4808-839C-04B230CE16A9}.Debug|Any CPU.ActiveCfg = Release
		{2BF4AA45-B9E8-4808-839C-04B230CE16A9}.Release|Any CPU.ActiveCfg = Release
	EndGlobalSection
	GlobalSection(SolutionProperties) = preSolution
		HideSolutionNode = FALSE
	EndGlobalSection
	GlobalSection(ExtensibilityGlobals) = postSolution
		SolutionGuid = {2C542B3C-357E-4864-96B5-82B043F0131F}
	EndGlobalSection
EndGlobal
